
Microsoft Visual Studio Solution File, Format Version 12.00
# Visual Studio Version 17
VisualStudioVersion = 17.8.34525.116
MinimumVisualStudioVersion = 10.0.40219.1
Project("{FAE04EC0-301F-11D3-BF4B-00C04F79EFBC}") = "JobSeniority", "JobSeniority.csproj", "{5AD32ECF-3725-45C2-92F0-AEA0B1F86C09}"
EndProject
Global
	GlobalSection(SolutionConfigurationPlatforms) = preSolution
		Debug|Any CPU = Debug|Any CPU
		Release|Any CPU = Release|Any CPU
	EndGlobalSection
	GlobalSection(ProjectConfigurationPlatforms) = postSolution
		{5AD32ECF-3725-45C2-92F0-AEA0B1F86C09}.Debug|Any CPU.ActiveCfg = Debug|Any CPU
		{5AD32ECF-3725-45C2-92F0-AEA0B1F86C09}.Debug|Any CPU.Build.0 = Debug|Any CPU
		{5AD32ECF-3725-45C2-92F0-AEA0B1F86C09}.Release|Any CPU.ActiveCfg = Release|Any CPU
		{5AD32ECF-3725-45C2-92F0-AEA0B1F86C09}.Release|Any CPU.Build.0 = Release|Any CPU
	EndGlobalSection
	GlobalSection(SolutionProperties) = preSolution
		HideSolutionNode = FALSE
	EndGlobalSection
	GlobalSection(ExtensibilityGlobals) = postSolution
		SolutionGuid = {C78E65C0-6636-4A91-8380-6D8D74102D37}
	EndGlobalSection
EndGlobal
